
Microsoft Visual Studio Solution File, Format Version 12.00
# Visual Studio 14
VisualStudioVersion = 14.0.25420.1
MinimumVisualStudioVersion = 10.0.40219.1
Project("{FAE04EC0-301F-11D3-BF4B-00C04F79EFBC}") = "CML.Infrastructure", "CML.Infrastructure.csproj", "{45583FEB-DF4B-458D-9E6B-2899D164F5E0}"
EndProject
Project("{FAE04EC0-301F-11D3-BF4B-00C04F79EFBC}") = "CML.Resposity.Test", "..\CML.Resposity.Test\CML.Resposity.Test.csproj", "{D55C7C6B-9E2B-4DC6-82BD-8E25B8D51CEE}"
EndProject
Project("{FAE04EC0-301F-11D3-BF4B-00C04F79EFBC}") = "CML.DataAccess", "..\CML.DataAccess\CML.DataAccess.csproj", "{F69BE701-D791-4B78-B99F-1E3DE42BF39F}"
EndProject
Global
	GlobalSection(SolutionConfigurationPlatforms) = preSolution
		Debug|Any CPU = Debug|Any CPU
		Release|Any CPU = Release|Any CPU
	EndGlobalSection
	GlobalSection(ProjectConfigurationPlatforms) = postSolution
		{45583FEB-DF4B-458D-9E6B-2899D164F5E0}.Debug|Any CPU.ActiveCfg = Debug|Any CPU
		{45583FEB-DF4B-458D-9E6B-2899D164F5E0}.Debug|Any CPU.Build.0 = Debug|Any CPU
		{45583FEB-DF4B-458D-9E6B-2899D164F5E0}.Release|Any CPU.ActiveCfg = Release|Any CPU
		{45583FEB-DF4B-458D-9E6B-2899D164F5E0}.Release|Any CPU.Build.0 = Release|Any CPU
		{D55C7C6B-9E2B-4DC6-82BD-8E25B8D51CEE}.Debug|Any CPU.ActiveCfg = Debug|Any CPU
		{D55C7C6B-9E2B-4DC6-82BD-8E25B8D51CEE}.Debug|Any CPU.Build.0 = Debug|Any CPU
		{D55C7C6B-9E2B-4DC6-82BD-8E25B8D51CEE}.Release|Any CPU.ActiveCfg = Release|Any CPU
		{D55C7C6B-9E2B-4DC6-82BD-8E25B8D51CEE}.Release|Any CPU.Build.0 = Release|Any CPU
		{F69BE701-D791-4B78-B99F-1E3DE42BF39F}.Debug|Any CPU.ActiveCfg = Debug|Any CPU
		{F69BE701-D791-4B78-B99F-1E3DE42BF39F}.Debug|Any CPU.Build.0 = Debug|Any CPU
		{F69BE701-D791-4B78-B99F-1E3DE42BF39F}.Release|Any CPU.ActiveCfg = Release|Any CPU
		{F69BE701-D791-4B78-B99F-1E3DE42BF39F}.Release|Any CPU.Build.0 = Release|Any CPU
	EndGlobalSection
	GlobalSection(SolutionProperties) = preSolution
		HideSolutionNode = FALSE
	EndGlobalSection
EndGlobal
